
Microsoft Visual Studio Solution File, Format Version 12.00
# Visual Studio Version 17
VisualStudioVersion = 17.0.31903.59
MinimumVisualStudioVersion = 10.0.40219.1
Project("{FAE04EC0-301F-11D3-BF4B-00C04F79EFBC}") = "Iiot.Abstractions", "Iiot.Abstractions\Iiot.Abstractions.csproj", "{DB741015-6A39-4FF0-9E50-FB2ABA8EE52A}"
EndProject
Project("{FAE04EC0-301F-11D3-BF4B-00C04F79EFBC}") = "Iiot.Drivers.Modbus", "Iiot.Drivers.Modbus\Iiot.Drivers.Modbus.csproj", "{121CC71D-281E-4EEE-BFE7-7182BCDEA0A0}"
EndProject
Project("{2150E333-8FDC-42A3-9474-1A3956D46DE8}") = "tests", "tests", "{0DBD4CA1-3C96-42E7-B7FC-C73B55820042}"
EndProject
Project("{FAE04EC0-301F-11D3-BF4B-00C04F79EFBC}") = "Iiot.Drivers.Modbus.Tests", "tests\Iiot.Drivers.Modbus.Tests\Iiot.Drivers.Modbus.Tests.csproj", "{7A8BCF5E-08A5-4359-8384-97F4A127725B}"
EndProject
Project("{FAE04EC0-301F-11D3-BF4B-00C04F79EFBC}") = "Iiot.EdgeGateway", "Iiot.EdgeGateway\Iiot.EdgeGateway.csproj", "{9BC3B824-3FCA-40B1-9F33-DCBD4E92AA37}"
EndProject
Global
	GlobalSection(SolutionConfigurationPlatforms) = preSolution
		Debug|Any CPU = Debug|Any CPU
		Release|Any CPU = Release|Any CPU
	EndGlobalSection
	GlobalSection(SolutionProperties) = preSolution
		HideSolutionNode = FALSE
	EndGlobalSection
	GlobalSection(ProjectConfigurationPlatforms) = postSolution
		{DB741015-6A39-4FF0-9E50-FB2ABA8EE52A}.Debug|Any CPU.ActiveCfg = Debug|Any CPU
		{DB741015-6A39-4FF0-9E50-FB2ABA8EE52A}.Debug|Any CPU.Build.0 = Debug|Any CPU
		{DB741015-6A39-4FF0-9E50-FB2ABA8EE52A}.Release|Any CPU.ActiveCfg = Release|Any CPU
		{DB741015-6A39-4FF0-9E50-FB2ABA8EE52A}.Release|Any CPU.Build.0 = Release|Any CPU
		{121CC71D-281E-4EEE-BFE7-7182BCDEA0A0}.Debug|Any CPU.ActiveCfg = Debug|Any CPU
		{121CC71D-281E-4EEE-BFE7-7182BCDEA0A0}.Debug|Any CPU.Build.0 = Debug|Any CPU
		{121CC71D-281E-4EEE-BFE7-7182BCDEA0A0}.Release|Any CPU.ActiveCfg = Release|Any CPU
		{121CC71D-281E-4EEE-BFE7-7182BCDEA0A0}.Release|Any CPU.Build.0 = Release|Any CPU
		{7A8BCF5E-08A5-4359-8384-97F4A127725B}.Debug|Any CPU.ActiveCfg = Debug|Any CPU
		{7A8BCF5E-08A5-4359-8384-97F4A127725B}.Debug|Any CPU.Build.0 = Debug|Any CPU
		{7A8BCF5E-08A5-4359-8384-97F4A127725B}.Release|Any CPU.ActiveCfg = Release|Any CPU
		{7A8BCF5E-08A5-4359-8384-97F4A127725B}.Release|Any CPU.Build.0 = Release|Any CPU
		{9BC3B824-3FCA-40B1-9F33-DCBD4E92AA37}.Debug|Any CPU.ActiveCfg = Debug|Any CPU
		{9BC3B824-3FCA-40B1-9F33-DCBD4E92AA37}.Debug|Any CPU.Build.0 = Debug|Any CPU
		{9BC3B824-3FCA-40B1-9F33-DCBD4E92AA37}.Release|Any CPU.ActiveCfg = Release|Any CPU
		{9BC3B824-3FCA-40B1-9F33-DCBD4E92AA37}.Release|Any CPU.Build.0 = Release|Any CPU
	EndGlobalSection
	GlobalSection(NestedProjects) = preSolution
		{7A8BCF5E-08A5-4359-8384-97F4A127725B} = {0DBD4CA1-3C96-42E7-B7FC-C73B55820042}
	EndGlobalSection
EndGlobal
